
Microsoft Visual Studio Solution File, Format Version 12.00
# Visual Studio 15
Project("{FAE04EC0-301F-11D3-BF4B-00C04F79EFBC}") = "Assembly-CSharp", "Assembly-CSharp.csproj", "{AFAB8964-4BE8-3F93-87D1-8580094CD425}"
EndProject
Project("{FAE04EC0-301F-11D3-BF4B-00C04F79EFBC}") = "Assembly-CSharp-Editor", "Assembly-CSharp-Editor.csproj", "{4D282868-90DA-68F7-28CF-B3AB1B98202D}"
EndProject
Global
	GlobalSection(SolutionConfigurationPlatforms) = preSolution
		Debug|Any CPU = Debug|Any CPU
		Release|Any CPU = Release|Any CPU
	EndGlobalSection
	GlobalSection(ProjectConfigurationPlatforms) = postSolution
		{AFAB8964-4BE8-3F93-87D1-8580094CD425}.Debug|Any CPU.ActiveCfg = Debug|Any CPU
		{AFAB8964-4BE8-3F93-87D1-8580094CD425}.Debug|Any CPU.Build.0 = Debug|Any CPU
		{AFAB8964-4BE8-3F93-87D1-8580094CD425}.Release|Any CPU.ActiveCfg = Release|Any CPU
		{AFAB8964-4BE8-3F93-87D1-8580094CD425}.Release|Any CPU.Build.0 = Release|Any CPU
		{4D282868-90DA-68F7-28CF-B3AB1B98202D}.Debug|Any CPU.ActiveCfg = Debug|Any CPU
		{4D282868-90DA-68F7-28CF-B3AB1B98202D}.Debug|Any CPU.Build.0 = Debug|Any CPU
		{4D282868-90DA-68F7-28CF-B3AB1B98202D}.Release|Any CPU.ActiveCfg = Release|Any CPU
		{4D282868-90DA-68F7-28CF-B3AB1B98202D}.Release|Any CPU.Build.0 = Release|Any CPU
	EndGlobalSection
	GlobalSection(SolutionProperties) = preSolution
		HideSolutionNode = FALSE
	EndGlobalSection
EndGlobal
